
Microsoft Visual Studio Solution File, Format Version 12.00
# Visual Studio 15
VisualStudioVersion = 15.0.26430.16
MinimumVisualStudioVersion = 10.0.40219.1
Project("{FAE04EC0-301F-11D3-BF4B-00C04F79EFBC}") = "while_loop", "while_loop\while_loop.csproj", "{3F618528-1E0F-4AE1-A6E1-A9C19E52012C}"
EndProject
Global
	GlobalSection(SolutionConfigurationPlatforms) = preSolution
		Debug|Any CPU = Debug|Any CPU
		Release|Any CPU = Release|Any CPU
	EndGlobalSection
	GlobalSection(ProjectConfigurationPlatforms) = postSolution
		{3F618528-1E0F-4AE1-A6E1-A9C19E52012C}.Debug|Any CPU.ActiveCfg = Debug|Any CPU
		{3F618528-1E0F-4AE1-A6E1-A9C19E52012C}.Debug|Any CPU.Build.0 = Debug|Any CPU
		{3F618528-1E0F-4AE1-A6E1-A9C19E52012C}.Release|Any CPU.ActiveCfg = Release|Any CPU
		{3F618528-1E0F-4AE1-A6E1-A9C19E52012C}.Release|Any CPU.Build.0 = Release|Any CPU
	EndGlobalSection
	GlobalSection(SolutionProperties) = preSolution
		HideSolutionNode = FALSE
	EndGlobalSection
EndGlobal
