
Microsoft Visual Studio Solution File, Format Version 12.00
# Visual Studio 15
VisualStudioVersion = 15.0.26430.13
MinimumVisualStudioVersion = 10.0.40219.1
Project("{8BC9CEB8-8B4A-11D0-8D11-00A0C91BC942}") = "exam9_memo", "exam9_memo\exam9_memo.vcxproj", "{F4277FB4-A78F-488E-B754-C5AC31E31031}"
EndProject
Project("{8BC9CEB8-8B4A-11D0-8D11-00A0C91BC942}") = "exam1", "exam1\exam1.vcxproj", "{E125AED0-F540-4B9C-8237-CBFD4A0D51CD}"
EndProject
Project("{8BC9CEB8-8B4A-11D0-8D11-00A0C91BC942}") = "exam2", "exam2\exam2.vcxproj", "{114349C3-AE92-4568-8849-8537BE576F03}"
EndProject
Project("{8BC9CEB8-8B4A-11D0-8D11-00A0C91BC942}") = "exam3", "exam3\exam3.vcxproj", "{6412217A-CEFD-4DC0-9D48-F351C3D90109}"
EndProject
Project("{8BC9CEB8-8B4A-11D0-8D11-00A0C91BC942}") = "exam4", "exam4\exam4.vcxproj", "{4D28C321-5EF9-4223-B7C1-98494FC23E94}"
EndProject
Project("{8BC9CEB8-8B4A-11D0-8D11-00A0C91BC942}") = "exam5", "exam5\exam5.vcxproj", "{F8F18BED-AD9B-49D2-BD15-F73D561B6E5C}"
EndProject
Project("{8BC9CEB8-8B4A-11D0-8D11-00A0C91BC942}") = "exam7", "exam7\exam7.vcxproj", "{AF062C50-9CE7-4F57-A84B-504CAA92F998}"
EndProject
Project("{8BC9CEB8-8B4A-11D0-8D11-00A0C91BC942}") = "exam8", "exam8\exam8.vcxproj", "{A474A847-D86D-4AFE-BEA5-326568120723}"
EndProject
Project("{8BC9CEB8-8B4A-11D0-8D11-00A0C91BC942}") = "exam9", "exam9\exam9.vcxproj", "{07DFD4F1-8814-4B83-8687-BACCF015807B}"
EndProject
Project("{8BC9CEB8-8B4A-11D0-8D11-00A0C91BC942}") = "exam10", "exam10\exam10.vcxproj", "{910E6AE0-6DC7-444C-AB01-D06936E542C1}"
EndProject
Global
	GlobalSection(SolutionConfigurationPlatforms) = preSolution
		Debug|x64 = Debug|x64
		Debug|x86 = Debug|x86
		Release|x64 = Release|x64
		Release|x86 = Release|x86
	EndGlobalSection
	GlobalSection(ProjectConfigurationPlatforms) = postSolution
		{F4277FB4-A78F-488E-B754-C5AC31E31031}.Debug|x64.ActiveCfg = Debug|x64
		{F4277FB4-A78F-488E-B754-C5AC31E31031}.Debug|x64.Build.0 = Debug|x64
		{F4277FB4-A78F-488E-B754-C5AC31E31031}.Debug|x86.ActiveCfg = Debug|Win32
		{F4277FB4-A78F-488E-B754-C5AC31E31031}.Debug|x86.Build.0 = Debug|Win32
		{F4277FB4-A78F-488E-B754-C5AC31E31031}.Release|x64.ActiveCfg = Release|x64
		{F4277FB4-A78F-488E-B754-C5AC31E31031}.Release|x64.Build.0 = Release|x64
		{F4277FB4-A78F-488E-B754-C5AC31E31031}.Release|x86.ActiveCfg = Release|Win32
		{F4277FB4-A78F-488E-B754-C5AC31E31031}.Release|x86.Build.0 = Release|Win32
		{E125AED0-F540-4B9C-8237-CBFD4A0D51CD}.Debug|x64.ActiveCfg = Debug|x64
		{E125AED0-F540-4B9C-8237-CBFD4A0D51CD}.Debug|x64.Build.0 = Debug|x64
		{E125AED0-F540-4B9C-8237-CBFD4A0D51CD}.Debug|x86.ActiveCfg = Debug|Win32
		{E125AED0-F540-4B9C-8237-CBFD4A0D51CD}.Debug|x86.Build.0 = Debug|Win32
		{E125AED0-F540-4B9C-8237-CBFD4A0D51CD}.Release|x64.ActiveCfg = Release|x64
		{E125AED0-F540-4B9C-8237-CBFD4A0D51CD}.Release|x64.Build.0 = Release|x64
		{E125AED0-F540-4B9C-8237-CBFD4A0D51CD}.Release|x86.ActiveCfg = Release|Win32
		{E125AED0-F540-4B9C-8237-CBFD4A0D51CD}.Release|x86.Build.0 = Release|Win32
		{114349C3-AE92-4568-8849-8537BE576F03}.Debug|x64.ActiveCfg = Debug|x64
		{114349C3-AE92-4568-8849-8537BE576F03}.Debug|x64.Build.0 = Debug|x64
		{114349C3-AE92-4568-8849-8537BE576F03}.Debug|x86.ActiveCfg = Debug|Win32
		{114349C3-AE92-4568-8849-8537BE576F03}.Debug|x86.Build.0 = Debug|Win32
		{114349C3-AE92-4568-8849-8537BE576F03}.Release|x64.ActiveCfg = Release|x64
		{114349C3-AE92-4568-8849-8537BE576F03}.Release|x64.Build.0 = Release|x64
		{114349C3-AE92-4568-8849-8537BE576F03}.Release|x86.ActiveCfg = Release|Win32
		{114349C3-AE92-4568-8849-8537BE576F03}.Release|x86.Build.0 = Release|Win32
		{6412217A-CEFD-4DC0-9D48-F351C3D90109}.Debug|x64.ActiveCfg = Debug|x64
		{6412217A-CEFD-4DC0-9D48-F351C3D90109}.Debug|x64.Build.0 = Debug|x64
		{6412217A-CEFD-4DC0-9D48-F351C3D90109}.Debug|x86.ActiveCfg = Debug|Win32
		{6412217A-CEFD-4DC0-9D48-F351C3D90109}.Debug|x86.Build.0 = Debug|Win32
		{6412217A-CEFD-4DC0-9D48-F351C3D90109}.Release|x64.ActiveCfg = Release|x64
		{6412217A-CEFD-4DC0-9D48-F351C3D90109}.Release|x64.Build.0 = Release|x64
		{6412217A-CEFD-4DC0-9D48-F351C3D90109}.Release|x86.ActiveCfg = Release|Win32
		{6412217A-CEFD-4DC0-9D48-F351C3D90109}.Release|x86.Build.0 = Release|Win32
		{4D28C321-5EF9-4223-B7C1-98494FC23E94}.Debug|x64.ActiveCfg = Debug|x64
		{4D28C321-5EF9-4223-B7C1-98494FC23E94}.Debug|x64.Build.0 = Debug|x64
		{4D28C321-5EF9-4223-B7C1-98494FC23E94}.Debug|x86.ActiveCfg = Debug|Win32
		{4D28C321-5EF9-4223-B7C1-98494FC23E94}.Debug|x86.Build.0 = Debug|Win32
		{4D28C321-5EF9-4223-B7C1-98494FC23E94}.Release|x64.ActiveCfg = Release|x64
		{4D28C321-5EF9-4223-B7C1-98494FC23E94}.Release|x64.Build.0 = Release|x64
		{4D28C321-5EF9-4223-B7C1-98494FC23E94}.Release|x86.ActiveCfg = Release|Win32
		{4D28C321-5EF9-4223-B7C1-98494FC23E94}.Release|x86.Build.0 = Release|Win32
		{F8F18BED-AD9B-49D2-BD15-F73D561B6E5C}.Debug|x64.ActiveCfg = Debug|x64
		{F8F18BED-AD9B-49D2-BD15-F73D561B6E5C}.Debug|x64.Build.0 = Debug|x64
		{F8F18BED-AD9B-49D2-BD15-F73D561B6E5C}.Debug|x86.ActiveCfg = Debug|Win32
		{F8F18BED-AD9B-49D2-BD15-F73D561B6E5C}.Debug|x86.Build.0 = Debug|Win32
		{F8F18BED-AD9B-49D2-BD15-F73D561B6E5C}.Release|x64.ActiveCfg = Release|x64
		{F8F18BED-AD9B-49D2-BD15-F73D561B6E5C}.Release|x64.Build.0 = Release|x64
		{F8F18BED-AD9B-49D2-BD15-F73D561B6E5C}.Release|x86.ActiveCfg = Release|Win32
		{F8F18BED-AD9B-49D2-BD15-F73D561B6E5C}.Release|x86.Build.0 = Release|Win32
		{AF062C50-9CE7-4F57-A84B-504CAA92F998}.Debug|x64.ActiveCfg = Debug|x64
		{AF062C50-9CE7-4F57-A84B-504CAA92F998}.Debug|x64.Build.0 = Debug|x64
		{AF062C50-9CE7-4F57-A84B-504CAA92F998}.Debug|x86.ActiveCfg = Debug|Win32
		{AF062C50-9CE7-4F57-A84B-504CAA92F998}.Debug|x86.Build.0 = Debug|Win32
		{AF062C50-9CE7-4F57-A84B-504CAA92F998}.Release|x64.ActiveCfg = Release|x64
		{AF062C50-9CE7-4F57-A84B-504CAA92F998}.Release|x64.Build.0 = Release|x64
		{AF062C50-9CE7-4F57-A84B-504CAA92F998}.Release|x86.ActiveCfg = Release|Win32
		{AF062C50-9CE7-4F57-A84B-504CAA92F998}.Release|x86.Build.0 = Release|Win32
		{A474A847-D86D-4AFE-BEA5-326568120723}.Debug|x64.ActiveCfg = Debug|x64
		{A474A847-D86D-4AFE-BEA5-326568120723}.Debug|x64.Build.0 = Debug|x64
		{A474A847-D86D-4AFE-BEA5-326568120723}.Debug|x86.ActiveCfg = Debug|Win32
		{A474A847-D86D-4AFE-BEA5-326568120723}.Debug|x86.Build.0 = Debug|Win32
		{A474A847-D86D-4AFE-BEA5-326568120723}.Release|x64.ActiveCfg = Release|x64
		{A474A847-D86D-4AFE-BEA5-326568120723}.Release|x64.Build.0 = Release|x64
		{A474A847-D86D-4AFE-BEA5-326568120723}.Release|x86.ActiveCfg = Release|Win32
		{A474A847-D86D-4AFE-BEA5-326568120723}.Release|x86.Build.0 = Release|Win32
		{07DFD4F1-8814-4B83-8687-BACCF015807B}.Debug|x64.ActiveCfg = Debug|x64
		{07DFD4F1-8814-4B83-8687-BACCF015807B}.Debug|x64.Build.0 = Debug|x64
		{07DFD4F1-8814-4B83-8687-BACCF015807B}.Debug|x86.ActiveCfg = Debug|Win32
		{07DFD4F1-8814-4B83-8687-BACCF015807B}.Debug|x86.Build.0 = Debug|Win32
		{07DFD4F1-8814-4B83-8687-BACCF015807B}.Release|x64.ActiveCfg = Release|x64
		{07DFD4F1-8814-4B83-8687-BACCF015807B}.Release|x64.Build.0 = Release|x64
		{07DFD4F1-8814-4B83-8687-BACCF015807B}.Release|x86.ActiveCfg = Release|Win32
		{07DFD4F1-8814-4B83-8687-BACCF015807B}.Release|x86.Build.0 = Release|Win32
		{910E6AE0-6DC7-444C-AB01-D06936E542C1}.Debug|x64.ActiveCfg = Debug|x64
		{910E6AE0-6DC7-444C-AB01-D06936E542C1}.Debug|x64.Build.0 = Debug|x64
		{910E6AE0-6DC7-444C-AB01-D06936E542C1}.Debug|x86.ActiveCfg = Debug|Win32
		{910E6AE0-6DC7-444C-AB01-D06936E542C1}.Debug|x86.Build.0 = Debug|Win32
		{910E6AE0-6DC7-444C-AB01-D06936E542C1}.Release|x64.ActiveCfg = Release|x64
		{910E6AE0-6DC7-444C-AB01-D06936E542C1}.Release|x64.Build.0 = Release|x64
		{910E6AE0-6DC7-444C-AB01-D06936E542C1}.Release|x86.ActiveCfg = Release|Win32
		{910E6AE0-6DC7-444C-AB01-D06936E542C1}.Release|x86.Build.0 = Release|Win32
	EndGlobalSection
	GlobalSection(SolutionProperties) = preSolution
		HideSolutionNode = FALSE
	EndGlobalSection
EndGlobal
