
Microsoft Visual Studio Solution File, Format Version 12.00
# Visual Studio 15
VisualStudioVersion = 15.0.26430.16
MinimumVisualStudioVersion = 10.0.40219.1
Project("{FAE04EC0-301F-11D3-BF4B-00C04F79EFBC}") = "inheritance", "inheritance\inheritance.csproj", "{7D21AC40-2B61-471B-B6A6-D0FC6110EACA}"
EndProject
Global
	GlobalSection(SolutionConfigurationPlatforms) = preSolution
		Debug|Any CPU = Debug|Any CPU
		Release|Any CPU = Release|Any CPU
	EndGlobalSection
	GlobalSection(ProjectConfigurationPlatforms) = postSolution
		{7D21AC40-2B61-471B-B6A6-D0FC6110EACA}.Debug|Any CPU.ActiveCfg = Debug|Any CPU
		{7D21AC40-2B61-471B-B6A6-D0FC6110EACA}.Debug|Any CPU.Build.0 = Debug|Any CPU
		{7D21AC40-2B61-471B-B6A6-D0FC6110EACA}.Release|Any CPU.ActiveCfg = Release|Any CPU
		{7D21AC40-2B61-471B-B6A6-D0FC6110EACA}.Release|Any CPU.Build.0 = Release|Any CPU
	EndGlobalSection
	GlobalSection(SolutionProperties) = preSolution
		HideSolutionNode = FALSE
	EndGlobalSection
EndGlobal
