
Microsoft Visual Studio Solution File, Format Version 12.00
# Visual Studio 15
VisualStudioVersion = 15.0.26430.16
MinimumVisualStudioVersion = 10.0.40219.1
Project("{FAE04EC0-301F-11D3-BF4B-00C04F79EFBC}") = "swich_ex", "swich_ex\swich_ex.csproj", "{BBD124CC-6A26-4EF0-A11D-0AA80C15E0BA}"
EndProject
Project("{FAE04EC0-301F-11D3-BF4B-00C04F79EFBC}") = "exam1", "exam1\exam1.csproj", "{D3F0A924-8BC8-47A9-A40B-F7C4EF191A78}"
EndProject
Global
	GlobalSection(SolutionConfigurationPlatforms) = preSolution
		Debug|Any CPU = Debug|Any CPU
		Release|Any CPU = Release|Any CPU
	EndGlobalSection
	GlobalSection(ProjectConfigurationPlatforms) = postSolution
		{BBD124CC-6A26-4EF0-A11D-0AA80C15E0BA}.Debug|Any CPU.ActiveCfg = Debug|Any CPU
		{BBD124CC-6A26-4EF0-A11D-0AA80C15E0BA}.Debug|Any CPU.Build.0 = Debug|Any CPU
		{BBD124CC-6A26-4EF0-A11D-0AA80C15E0BA}.Release|Any CPU.ActiveCfg = Release|Any CPU
		{BBD124CC-6A26-4EF0-A11D-0AA80C15E0BA}.Release|Any CPU.Build.0 = Release|Any CPU
		{D3F0A924-8BC8-47A9-A40B-F7C4EF191A78}.Debug|Any CPU.ActiveCfg = Debug|Any CPU
		{D3F0A924-8BC8-47A9-A40B-F7C4EF191A78}.Debug|Any CPU.Build.0 = Debug|Any CPU
		{D3F0A924-8BC8-47A9-A40B-F7C4EF191A78}.Release|Any CPU.ActiveCfg = Release|Any CPU
		{D3F0A924-8BC8-47A9-A40B-F7C4EF191A78}.Release|Any CPU.Build.0 = Release|Any CPU
	EndGlobalSection
	GlobalSection(SolutionProperties) = preSolution
		HideSolutionNode = FALSE
	EndGlobalSection
EndGlobal
